
Microsoft Visual Studio Solution File, Format Version 12.00
# Visual Studio Version 16
VisualStudioVersion = 16.0.31005.135
MinimumVisualStudioVersion = 10.0.40219.1
Project("{FAE04EC0-301F-11D3-BF4B-00C04F79EFBC}") = "Eruru.QQMini.PluginSDKDebugger", "Eruru.QQMini.PluginSDKDebugger\Eruru.QQMini.PluginSDKDebugger.csproj", "{91A95654-5693-41DF-A2D7-13D4B08A549E}"
EndProject
Global
	GlobalSection(SolutionConfigurationPlatforms) = preSolution
		Debug|Any CPU = Debug|Any CPU
		Release|Any CPU = Release|Any CPU
	EndGlobalSection
	GlobalSection(ProjectConfigurationPlatforms) = postSolution
		{91A95654-5693-41DF-A2D7-13D4B08A549E}.Debug|Any CPU.ActiveCfg = Debug|Any CPU
		{91A95654-5693-41DF-A2D7-13D4B08A549E}.Debug|Any CPU.Build.0 = Debug|Any CPU
		{91A95654-5693-41DF-A2D7-13D4B08A549E}.Release|Any CPU.ActiveCfg = Release|Any CPU
		{91A95654-5693-41DF-A2D7-13D4B08A549E}.Release|Any CPU.Build.0 = Release|Any CPU
	EndGlobalSection
	GlobalSection(SolutionProperties) = preSolution
		HideSolutionNode = FALSE
	EndGlobalSection
	GlobalSection(ExtensibilityGlobals) = postSolution
		SolutionGuid = {BCAB80BD-7567-4FD4-ADB5-8506C2F33D9F}
	EndGlobalSection
EndGlobal
